
Microsoft Visual Studio Solution File, Format Version 12.00
Project("{FAE04EC0-301F-11D3-BF4B-00C04F79EFBC}") = "Bang", "Bang.csproj", "{67EF2EDA-3B16-4CE6-8291-A304859C7284}"
EndProject
Global
	GlobalSection(SolutionConfigurationPlatforms) = preSolution
		Debug|Any CPU = Debug|Any CPU
		Release|Any CPU = Release|Any CPU
	EndGlobalSection
	GlobalSection(ProjectConfigurationPlatforms) = postSolution
		{67EF2EDA-3B16-4CE6-8291-A304859C7284}.Debug|Any CPU.ActiveCfg = Debug|Any CPU
		{67EF2EDA-3B16-4CE6-8291-A304859C7284}.Debug|Any CPU.Build.0 = Debug|Any CPU
		{67EF2EDA-3B16-4CE6-8291-A304859C7284}.Release|Any CPU.ActiveCfg = Release|Any CPU
		{67EF2EDA-3B16-4CE6-8291-A304859C7284}.Release|Any CPU.Build.0 = Release|Any CPU
	EndGlobalSection
EndGlobal
